
Microsoft Visual Studio Solution File, Format Version 12.00
# Visual Studio 15
VisualStudioVersion = 15.0.28307.271
MinimumVisualStudioVersion = 10.0.40219.1
Project("{8BC9CEB8-8B4A-11D0-8D11-00A0C91BC942}") = "SZPIK_SO", "SZPIK_SO.vcxproj", "{19A872CC-E2CE-4240-A2CD-BE775BFD16DD}"
EndProject
Global
	GlobalSection(SolutionConfigurationPlatforms) = preSolution
		Debug|x64 = Debug|x64
		Debug|x86 = Debug|x86
		Release|x64 = Release|x64
		Release|x86 = Release|x86
	EndGlobalSection
	GlobalSection(ProjectConfigurationPlatforms) = postSolution
		{19A872CC-E2CE-4240-A2CD-BE775BFD16DD}.Debug|x64.ActiveCfg = Debug|x64
		{19A872CC-E2CE-4240-A2CD-BE775BFD16DD}.Debug|x64.Build.0 = Debug|x64
		{19A872CC-E2CE-4240-A2CD-BE775BFD16DD}.Debug|x86.ActiveCfg = Debug|Win32
		{19A872CC-E2CE-4240-A2CD-BE775BFD16DD}.Debug|x86.Build.0 = Debug|Win32
		{19A872CC-E2CE-4240-A2CD-BE775BFD16DD}.Release|x64.ActiveCfg = Release|x64
		{19A872CC-E2CE-4240-A2CD-BE775BFD16DD}.Release|x64.Build.0 = Release|x64
		{19A872CC-E2CE-4240-A2CD-BE775BFD16DD}.Release|x86.ActiveCfg = Release|Win32
		{19A872CC-E2CE-4240-A2CD-BE775BFD16DD}.Release|x86.Build.0 = Release|Win32
	EndGlobalSection
	GlobalSection(SolutionProperties) = preSolution
		HideSolutionNode = FALSE
	EndGlobalSection
	GlobalSection(ExtensibilityGlobals) = postSolution
		SolutionGuid = {75514B23-0586-4D4D-8619-77E5E964DCFB}
	EndGlobalSection
EndGlobal
